// !$*UTF8*$!
{
	archiveVersion = 1;
	classes = {
	};
	objectVersion = 54;
	objects = {

/* Begin PBXBuildFile section */
		35D0E5052966B49B00CD6B50 /* MyKarrotViewController.swift in Sources */ = {isa = PBXBuildFile; fileRef = 35D0E5042966B49B00CD6B50 /* MyKarrotViewController.swift */; };
		35D0E5072966B4C600CD6B50 /* ChattingViewController.swift in Sources */ = {isa = PBXBuildFile; fileRef = 35D0E5062966B4C600CD6B50 /* ChattingViewController.swift */; };
		35D0E5092966B4DD00CD6B50 /* CategoryViewController.swift in Sources */ = {isa = PBXBuildFile; fileRef = 35D0E5082966B4DD00CD6B50 /* CategoryViewController.swift */; };
		35D0E50B2966B4F300CD6B50 /* SalesPostViewController.swift in Sources */ = {isa = PBXBuildFile; fileRef = 35D0E50A2966B4F300CD6B50 /* SalesPostViewController.swift */; };
		35D0E50D2966B4FA00CD6B50 /* WritingSalesPostViewController.swift in Sources */ = {isa = PBXBuildFile; fileRef = 35D0E50C2966B4FA00CD6B50 /* WritingSalesPostViewController.swift */; };
		35D0E50F2966B50800CD6B50 /* VillageLifeViewController.swift in Sources */ = {isa = PBXBuildFile; fileRef = 35D0E50E2966B50800CD6B50 /* VillageLifeViewController.swift */; };
		35D0E5112966B51000CD6B50 /* NearMeViewController.swift in Sources */ = {isa = PBXBuildFile; fileRef = 35D0E5102966B51000CD6B50 /* NearMeViewController.swift */; };
		35D0E5142966B55500CD6B50 /* TableViewModel.swift in Sources */ = {isa = PBXBuildFile; fileRef = 35D0E5132966B55500CD6B50 /* TableViewModel.swift */; };
		35D0E5162966B56000CD6B50 /* DataType.swift in Sources */ = {isa = PBXBuildFile; fileRef = 35D0E5152966B56000CD6B50 /* DataType.swift */; };
		35D0E52E2967279500CD6B50 /* SalesPostCollectionViewCell.swift in Sources */ = {isa = PBXBuildFile; fileRef = 35D0E52C2967279500CD6B50 /* SalesPostCollectionViewCell.swift */; };
		35DF2C5B2964A08100CF74A2 /* AppDelegate.swift in Sources */ = {isa = PBXBuildFile; fileRef = 35DF2C5A2964A08100CF74A2 /* AppDelegate.swift */; };
		35DF2C5D2964A08100CF74A2 /* SceneDelegate.swift in Sources */ = {isa = PBXBuildFile; fileRef = 35DF2C5C2964A08100CF74A2 /* SceneDelegate.swift */; };
		35DF2C5F2964A08100CF74A2 /* ViewController.swift in Sources */ = {isa = PBXBuildFile; fileRef = 35DF2C5E2964A08100CF74A2 /* ViewController.swift */; };
		35DF2C622964A08100CF74A2 /* Main.storyboard in Resources */ = {isa = PBXBuildFile; fileRef = 35DF2C602964A08100CF74A2 /* Main.storyboard */; };
		35DF2C642964A08200CF74A2 /* Assets.xcassets in Resources */ = {isa = PBXBuildFile; fileRef = 35DF2C632964A08200CF74A2 /* Assets.xcassets */; };
		35DF2C672964A08200CF74A2 /* LaunchScreen.storyboard in Resources */ = {isa = PBXBuildFile; fileRef = 35DF2C652964A08200CF74A2 /* LaunchScreen.storyboard */; };
		35DF2C722964A08200CF74A2 /* KarrotMarketTests.swift in Sources */ = {isa = PBXBuildFile; fileRef = 35DF2C712964A08200CF74A2 /* KarrotMarketTests.swift */; };
		35DF2C7C2964A08200CF74A2 /* KarrotMarketUITests.swift in Sources */ = {isa = PBXBuildFile; fileRef = 35DF2C7B2964A08200CF74A2 /* KarrotMarketUITests.swift */; };
		35DF2C7E2964A08200CF74A2 /* KarrotMarketUITestsLaunchTests.swift in Sources */ = {isa = PBXBuildFile; fileRef = 35DF2C7D2964A08200CF74A2 /* KarrotMarketUITestsLaunchTests.swift */; };
		35E841792967299A0093D203 /* SalesPostTableViewCell.swift in Sources */ = {isa = PBXBuildFile; fileRef = 35E841772967299A0093D203 /* SalesPostTableViewCell.swift */; };
		35E8417A2967299A0093D203 /* SalesPostTableViewCell.xib in Resources */ = {isa = PBXBuildFile; fileRef = 35E841782967299A0093D203 /* SalesPostTableViewCell.xib */; };
		35E8418029672A6F0093D203 /* CategoryTableViewCell.swift in Sources */ = {isa = PBXBuildFile; fileRef = 35E8417E29672A6F0093D203 /* CategoryTableViewCell.swift */; };
		35E8418129672A6F0093D203 /* CategoryTableViewCell.xib in Resources */ = {isa = PBXBuildFile; fileRef = 35E8417F29672A6F0093D203 /* CategoryTableViewCell.xib */; };
		35E8418529672B2C0093D203 /* VillageLifeTableViewCell.swift in Sources */ = {isa = PBXBuildFile; fileRef = 35E8418329672B2C0093D203 /* VillageLifeTableViewCell.swift */; };
		35E8418629672B2C0093D203 /* VillageLifeTableViewCell.xib in Resources */ = {isa = PBXBuildFile; fileRef = 35E8418429672B2C0093D203 /* VillageLifeTableViewCell.xib */; };
		35E8418A29672BB00093D203 /* VLCategoryTableViewCell.swift in Sources */ = {isa = PBXBuildFile; fileRef = 35E8418829672BB00093D203 /* VLCategoryTableViewCell.swift */; };
		35E8418B29672BB00093D203 /* VLCategoryTableViewCell.xib in Resources */ = {isa = PBXBuildFile; fileRef = 35E8418929672BB00093D203 /* VLCategoryTableViewCell.xib */; };
		35E8419029672C790093D203 /* UserInfoTableViewCell.swift in Sources */ = {isa = PBXBuildFile; fileRef = 35E8418E29672C790093D203 /* UserInfoTableViewCell.swift */; };
		35E8419129672C790093D203 /* UserInfoTableViewCell.xib in Resources */ = {isa = PBXBuildFile; fileRef = 35E8418F29672C790093D203 /* UserInfoTableViewCell.xib */; };
		35E8419429672C950093D203 /* UserSettingTableViewCell.swift in Sources */ = {isa = PBXBuildFile; fileRef = 35E8419229672C950093D203 /* UserSettingTableViewCell.swift */; };
		35E8419529672C950093D203 /* UserSettingTableViewCell.xib in Resources */ = {isa = PBXBuildFile; fileRef = 35E8419329672C950093D203 /* UserSettingTableViewCell.xib */; };
		35E8419829672D380093D203 /* ChattingTableViewCell.swift in Sources */ = {isa = PBXBuildFile; fileRef = 35E8419629672D380093D203 /* ChattingTableViewCell.swift */; };
		35E8419929672D380093D203 /* ChattingTableViewCell.xib in Resources */ = {isa = PBXBuildFile; fileRef = 35E8419729672D380093D203 /* ChattingTableViewCell.xib */; };
		35E8419B29672DB90093D203 /* MainViewController.swift in Sources */ = {isa = PBXBuildFile; fileRef = 35E8419A29672DB90093D203 /* MainViewController.swift */; };
		35E8419D29672DD90093D203 /* MainTableViewCell.swift in Sources */ = {isa = PBXBuildFile; fileRef = 35E8419C29672DD90093D203 /* MainTableViewCell.swift */; };
		7E5DB262BE42898DAF27F38A /* Pods_KarrotMarket.framework in Frameworks */ = {isa = PBXBuildFile; fileRef = BAEEC015AEC5C072E2BAF11C /* Pods_KarrotMarket.framework */; };
/* End PBXBuildFile section */

/* Begin PBXContainerItemProxy section */
		35DF2C6E2964A08200CF74A2 /* PBXContainerItemProxy */ = {
			isa = PBXContainerItemProxy;
			containerPortal = 35DF2C4F2964A08100CF74A2 /* Project object */;
			proxyType = 1;
			remoteGlobalIDString = 35DF2C562964A08100CF74A2;
			remoteInfo = KarrotMarket;
		};
		35DF2C782964A08200CF74A2 /* PBXContainerItemProxy */ = {
			isa = PBXContainerItemProxy;
			containerPortal = 35DF2C4F2964A08100CF74A2 /* Project object */;
			proxyType = 1;
			remoteGlobalIDString = 35DF2C562964A08100CF74A2;
			remoteInfo = KarrotMarket;
		};
/* End PBXContainerItemProxy section */

/* Begin PBXFileReference section */
		35D0E5042966B49B00CD6B50 /* MyKarrotViewController.swift */ = {isa = PBXFileReference; lastKnownFileType = sourcecode.swift; path = MyKarrotViewController.swift; sourceTree = "<group>"; };
		35D0E5062966B4C600CD6B50 /* ChattingViewController.swift */ = {isa = PBXFileReference; lastKnownFileType = sourcecode.swift; path = ChattingViewController.swift; sourceTree = "<group>"; };
		35D0E5082966B4DD00CD6B50 /* CategoryViewController.swift */ = {isa = PBXFileReference; lastKnownFileType = sourcecode.swift; path = CategoryViewController.swift; sourceTree = "<group>"; };
		35D0E50A2966B4F300CD6B50 /* SalesPostViewController.swift */ = {isa = PBXFileReference; lastKnownFileType = sourcecode.swift; path = SalesPostViewController.swift; sourceTree = "<group>"; };
		35D0E50C2966B4FA00CD6B50 /* WritingSalesPostViewController.swift */ = {isa = PBXFileReference; lastKnownFileType = sourcecode.swift; path = WritingSalesPostViewController.swift; sourceTree = "<group>"; };
		35D0E50E2966B50800CD6B50 /* VillageLifeViewController.swift */ = {isa = PBXFileReference; lastKnownFileType = sourcecode.swift; path = VillageLifeViewController.swift; sourceTree = "<group>"; };
		35D0E5102966B51000CD6B50 /* NearMeViewController.swift */ = {isa = PBXFileReference; lastKnownFileType = sourcecode.swift; path = NearMeViewController.swift; sourceTree = "<group>"; };
		35D0E5132966B55500CD6B50 /* TableViewModel.swift */ = {isa = PBXFileReference; lastKnownFileType = sourcecode.swift; path = TableViewModel.swift; sourceTree = "<group>"; };
		35D0E5152966B56000CD6B50 /* DataType.swift */ = {isa = PBXFileReference; lastKnownFileType = sourcecode.swift; path = DataType.swift; sourceTree = "<group>"; };
		35D0E52C2967279500CD6B50 /* SalesPostCollectionViewCell.swift */ = {isa = PBXFileReference; lastKnownFileType = sourcecode.swift; path = SalesPostCollectionViewCell.swift; sourceTree = "<group>"; };
		35DF2C572964A08100CF74A2 /* KarrotMarket.app */ = {isa = PBXFileReference; explicitFileType = wrapper.application; includeInIndex = 0; path = KarrotMarket.app; sourceTree = BUILT_PRODUCTS_DIR; };
		35DF2C5A2964A08100CF74A2 /* AppDelegate.swift */ = {isa = PBXFileReference; lastKnownFileType = sourcecode.swift; path = AppDelegate.swift; sourceTree = "<group>"; };
		35DF2C5C2964A08100CF74A2 /* SceneDelegate.swift */ = {isa = PBXFileReference; lastKnownFileType = sourcecode.swift; path = SceneDelegate.swift; sourceTree = "<group>"; };
		35DF2C5E2964A08100CF74A2 /* ViewController.swift */ = {isa = PBXFileReference; lastKnownFileType = sourcecode.swift; path = ViewController.swift; sourceTree = "<group>"; };
		35DF2C612964A08100CF74A2 /* Base */ = {isa = PBXFileReference; lastKnownFileType = file.storyboard; name = Base; path = Base.lproj/Main.storyboard; sourceTree = "<group>"; };
		35DF2C632964A08200CF74A2 /* Assets.xcassets */ = {isa = PBXFileReference; lastKnownFileType = folder.assetcatalog; path = Assets.xcassets; sourceTree = "<group>"; };
		35DF2C662964A08200CF74A2 /* Base */ = {isa = PBXFileReference; lastKnownFileType = file.storyboard; name = Base; path = Base.lproj/LaunchScreen.storyboard; sourceTree = "<group>"; };
		35DF2C682964A08200CF74A2 /* Info.plist */ = {isa = PBXFileReference; lastKnownFileType = text.plist.xml; path = Info.plist; sourceTree = "<group>"; };
		35DF2C6D2964A08200CF74A2 /* KarrotMarketTests.xctest */ = {isa = PBXFileReference; explicitFileType = wrapper.cfbundle; includeInIndex = 0; path = KarrotMarketTests.xctest; sourceTree = BUILT_PRODUCTS_DIR; };
		35DF2C712964A08200CF74A2 /* KarrotMarketTests.swift */ = {isa = PBXFileReference; lastKnownFileType = sourcecode.swift; path = KarrotMarketTests.swift; sourceTree = "<group>"; };
		35DF2C772964A08200CF74A2 /* KarrotMarketUITests.xctest */ = {isa = PBXFileReference; explicitFileType = wrapper.cfbundle; includeInIndex = 0; path = KarrotMarketUITests.xctest; sourceTree = BUILT_PRODUCTS_DIR; };
		35DF2C7B2964A08200CF74A2 /* KarrotMarketUITests.swift */ = {isa = PBXFileReference; lastKnownFileType = sourcecode.swift; path = KarrotMarketUITests.swift; sourceTree = "<group>"; };
		35DF2C7D2964A08200CF74A2 /* KarrotMarketUITestsLaunchTests.swift */ = {isa = PBXFileReference; lastKnownFileType = sourcecode.swift; path = KarrotMarketUITestsLaunchTests.swift; sourceTree = "<group>"; };
		35E841772967299A0093D203 /* SalesPostTableViewCell.swift */ = {isa = PBXFileReference; lastKnownFileType = sourcecode.swift; path = SalesPostTableViewCell.swift; sourceTree = "<group>"; };
		35E841782967299A0093D203 /* SalesPostTableViewCell.xib */ = {isa = PBXFileReference; lastKnownFileType = file.xib; path = SalesPostTableViewCell.xib; sourceTree = "<group>"; };
		35E8417E29672A6F0093D203 /* CategoryTableViewCell.swift */ = {isa = PBXFileReference; lastKnownFileType = sourcecode.swift; path = CategoryTableViewCell.swift; sourceTree = "<group>"; };
		35E8417F29672A6F0093D203 /* CategoryTableViewCell.xib */ = {isa = PBXFileReference; lastKnownFileType = file.xib; path = CategoryTableViewCell.xib; sourceTree = "<group>"; };
		35E8418329672B2C0093D203 /* VillageLifeTableViewCell.swift */ = {isa = PBXFileReference; lastKnownFileType = sourcecode.swift; path = VillageLifeTableViewCell.swift; sourceTree = "<group>"; };
		35E8418429672B2C0093D203 /* VillageLifeTableViewCell.xib */ = {isa = PBXFileReference; lastKnownFileType = file.xib; path = VillageLifeTableViewCell.xib; sourceTree = "<group>"; };
		35E8418829672BB00093D203 /* VLCategoryTableViewCell.swift */ = {isa = PBXFileReference; lastKnownFileType = sourcecode.swift; path = VLCategoryTableViewCell.swift; sourceTree = "<group>"; };
		35E8418929672BB00093D203 /* VLCategoryTableViewCell.xib */ = {isa = PBXFileReference; lastKnownFileType = file.xib; path = VLCategoryTableViewCell.xib; sourceTree = "<group>"; };
		35E8418E29672C790093D203 /* UserInfoTableViewCell.swift */ = {isa = PBXFileReference; lastKnownFileType = sourcecode.swift; path = UserInfoTableViewCell.swift; sourceTree = "<group>"; };
		35E8418F29672C790093D203 /* UserInfoTableViewCell.xib */ = {isa = PBXFileReference; lastKnownFileType = file.xib; path = UserInfoTableViewCell.xib; sourceTree = "<group>"; };
		35E8419229672C950093D203 /* UserSettingTableViewCell.swift */ = {isa = PBXFileReference; lastKnownFileType = sourcecode.swift; path = UserSettingTableViewCell.swift; sourceTree = "<group>"; };
		35E8419329672C950093D203 /* UserSettingTableViewCell.xib */ = {isa = PBXFileReference; lastKnownFileType = file.xib; path = UserSettingTableViewCell.xib; sourceTree = "<group>"; };
		35E8419629672D380093D203 /* ChattingTableViewCell.swift */ = {isa = PBXFileReference; lastKnownFileType = sourcecode.swift; path = ChattingTableViewCell.swift; sourceTree = "<group>"; };
		35E8419729672D380093D203 /* ChattingTableViewCell.xib */ = {isa = PBXFileReference; lastKnownFileType = file.xib; path = ChattingTableViewCell.xib; sourceTree = "<group>"; };
		35E8419A29672DB90093D203 /* MainViewController.swift */ = {isa = PBXFileReference; lastKnownFileType = sourcecode.swift; path = MainViewController.swift; sourceTree = "<group>"; };
		35E8419C29672DD90093D203 /* MainTableViewCell.swift */ = {isa = PBXFileReference; lastKnownFileType = sourcecode.swift; path = MainTableViewCell.swift; sourceTree = "<group>"; };
		4CE3F3F93F67991CE2E39A30 /* Pods-KarrotMarket.release.xcconfig */ = {isa = PBXFileReference; includeInIndex = 1; lastKnownFileType = text.xcconfig; name = "Pods-KarrotMarket.release.xcconfig"; path = "Target Support Files/Pods-KarrotMarket/Pods-KarrotMarket.release.xcconfig"; sourceTree = "<group>"; };
		4E32C093CD86033733D64B59 /* Pods-KarrotMarket.debug.xcconfig */ = {isa = PBXFileReference; includeInIndex = 1; lastKnownFileType = text.xcconfig; name = "Pods-KarrotMarket.debug.xcconfig"; path = "Target Support Files/Pods-KarrotMarket/Pods-KarrotMarket.debug.xcconfig"; sourceTree = "<group>"; };
		BAEEC015AEC5C072E2BAF11C /* Pods_KarrotMarket.framework */ = {isa = PBXFileReference; explicitFileType = wrapper.framework; includeInIndex = 0; path = Pods_KarrotMarket.framework; sourceTree = BUILT_PRODUCTS_DIR; };
/* End PBXFileReference section */

/* Begin PBXFrameworksBuildPhase section */
		35DF2C542964A08100CF74A2 /* Frameworks */ = {
			isa = PBXFrameworksBuildPhase;
			buildActionMask = 2147483647;
			files = (
				7E5DB262BE42898DAF27F38A /* Pods_KarrotMarket.framework in Frameworks */,
			);
			runOnlyForDeploymentPostprocessing = 0;
		};
		35DF2C6A2964A08200CF74A2 /* Frameworks */ = {
			isa = PBXFrameworksBuildPhase;
			buildActionMask = 2147483647;
			files = (
			);
			runOnlyForDeploymentPostprocessing = 0;
		};
		35DF2C742964A08200CF74A2 /* Frameworks */ = {
			isa = PBXFrameworksBuildPhase;
			buildActionMask = 2147483647;
			files = (
			);
			runOnlyForDeploymentPostprocessing = 0;
		};
/* End PBXFrameworksBuildPhase section */

/* Begin PBXGroup section */
		35D0E5022966B30800CD6B50 /* Delegate */ = {
			isa = PBXGroup;
			children = (
				35DF2C5A2964A08100CF74A2 /* AppDelegate.swift */,
				35DF2C5C2964A08100CF74A2 /* SceneDelegate.swift */,
			);
			path = Delegate;
			sourceTree = "<group>";
		};
		35D0E5032966B42E00CD6B50 /* ViewController */ = {
			isa = PBXGroup;
			children = (
				35DF2C5E2964A08100CF74A2 /* ViewController.swift */,
				35D0E5042966B49B00CD6B50 /* MyKarrotViewController.swift */,
				35D0E50E2966B50800CD6B50 /* VillageLifeViewController.swift */,
				35D0E5062966B4C600CD6B50 /* ChattingViewController.swift */,
				35D0E5102966B51000CD6B50 /* NearMeViewController.swift */,
				35D0E50A2966B4F300CD6B50 /* SalesPostViewController.swift */,
				35D0E50C2966B4FA00CD6B50 /* WritingSalesPostViewController.swift */,
				35D0E5082966B4DD00CD6B50 /* CategoryViewController.swift */,
			);
			path = ViewController;
			sourceTree = "<group>";
		};
		35D0E5122966B51C00CD6B50 /* Model */ = {
			isa = PBXGroup;
			children = (
				35D0E5132966B55500CD6B50 /* TableViewModel.swift */,
				35D0E5152966B56000CD6B50 /* DataType.swift */,
			);
			path = Model;
			sourceTree = "<group>";
		};
		35D0E5172966B58E00CD6B50 /* CollectionViewCell */ = {
			isa = PBXGroup;
			children = (
				35D0E52C2967279500CD6B50 /* SalesPostCollectionViewCell.swift */,
			);
			path = CollectionViewCell;
			sourceTree = "<group>";
		};
		35D0E51A2966B5D500CD6B50 /* TableViewCell */ = {
			isa = PBXGroup;
			children = (
				35D0E5222966B65000CD6B50 /* Village */,
				35D0E5212966B62700CD6B50 /* Sales */,
				35D0E5232966B66200CD6B50 /* MyKarrot */,
				35D0E5242966B66A00CD6B50 /* Chatting */,
			);
			path = TableViewCell;
			sourceTree = "<group>";
		};
		35D0E5212966B62700CD6B50 /* Sales */ = {
			isa = PBXGroup;
			children = (
				35D0E52729671FE400CD6B50 /* SalesCell */,
				35E8417B296729F60093D203 /* SalesCategoryCell */,
			);
			path = Sales;
			sourceTree = "<group>";
		};
		35D0E5222966B65000CD6B50 /* Village */ = {
			isa = PBXGroup;
			children = (
				35E8418729672B770093D203 /* VillageLifeCategoryCell */,
				35E8418229672AFB0093D203 /* VillageLifeCell */,
			);
			path = Village;
			sourceTree = "<group>";
		};
		35D0E5232966B66200CD6B50 /* MyKarrot */ = {
			isa = PBXGroup;
			children = (
				35E8418D29672C3E0093D203 /* UserSettingCell */,
				35E8418C29672C2C0093D203 /* UserInfoCell */,
			);
			path = MyKarrot;
			sourceTree = "<group>";
		};
		35D0E5242966B66A00CD6B50 /* Chatting */ = {
			isa = PBXGroup;
			children = (
				35E8419629672D380093D203 /* ChattingTableViewCell.swift */,
				35E8419729672D380093D203 /* ChattingTableViewCell.xib */,
			);
			path = Chatting;
			sourceTree = "<group>";
		};
		35D0E5262966B6A100CD6B50 /* Custom */ = {
			isa = PBXGroup;
			children = (
				35E8419A29672DB90093D203 /* MainViewController.swift */,
				35E8419C29672DD90093D203 /* MainTableViewCell.swift */,
			);
			path = Custom;
			sourceTree = "<group>";
		};
		35D0E52729671FE400CD6B50 /* SalesCell */ = {
			isa = PBXGroup;
			children = (
				35E841772967299A0093D203 /* SalesPostTableViewCell.swift */,
				35E841782967299A0093D203 /* SalesPostTableViewCell.xib */,
			);
			path = SalesCell;
			sourceTree = "<group>";
		};
		35DF2C4E2964A08100CF74A2 = {
			isa = PBXGroup;
			children = (
				35DF2C592964A08100CF74A2 /* KarrotMarket */,
				35DF2C702964A08200CF74A2 /* KarrotMarketTests */,
				35DF2C7A2964A08200CF74A2 /* KarrotMarketUITests */,
				35DF2C582964A08100CF74A2 /* Products */,
				7280B2B4B08FE752000D950E /* Frameworks */,
				5E281604BD99CC0F163F66F7 /* Pods */,
			);
			sourceTree = "<group>";
		};
		35DF2C582964A08100CF74A2 /* Products */ = {
			isa = PBXGroup;
			children = (
				35DF2C572964A08100CF74A2 /* KarrotMarket.app */,
				35DF2C6D2964A08200CF74A2 /* KarrotMarketTests.xctest */,
				35DF2C772964A08200CF74A2 /* KarrotMarketUITests.xctest */,
			);
			name = Products;
			sourceTree = "<group>";
		};
		35DF2C592964A08100CF74A2 /* KarrotMarket */ = {
			isa = PBXGroup;
			children = (
				35D0E5022966B30800CD6B50 /* Delegate */,
				35D0E5032966B42E00CD6B50 /* ViewController */,
				35DF2C602964A08100CF74A2 /* Main.storyboard */,
				35D0E5122966B51C00CD6B50 /* Model */,
				35D0E5172966B58E00CD6B50 /* CollectionViewCell */,
				35DF2C632964A08200CF74A2 /* Assets.xcassets */,
				35D0E51A2966B5D500CD6B50 /* TableViewCell */,
				35DF2C652964A08200CF74A2 /* LaunchScreen.storyboard */,
				35D0E5262966B6A100CD6B50 /* Custom */,
				35DF2C682964A08200CF74A2 /* Info.plist */,
			);
			path = KarrotMarket;
			sourceTree = "<group>";
		};
		35DF2C702964A08200CF74A2 /* KarrotMarketTests */ = {
			isa = PBXGroup;
			children = (
				35DF2C712964A08200CF74A2 /* KarrotMarketTests.swift */,
			);
			path = KarrotMarketTests;
			sourceTree = "<group>";
		};
		35DF2C7A2964A08200CF74A2 /* KarrotMarketUITests */ = {
			isa = PBXGroup;
			children = (
				35DF2C7B2964A08200CF74A2 /* KarrotMarketUITests.swift */,
				35DF2C7D2964A08200CF74A2 /* KarrotMarketUITestsLaunchTests.swift */,
			);
			path = KarrotMarketUITests;
			sourceTree = "<group>";
		};
		35E8417B296729F60093D203 /* SalesCategoryCell */ = {
			isa = PBXGroup;
			children = (
				35E8417E29672A6F0093D203 /* CategoryTableViewCell.swift */,
				35E8417F29672A6F0093D203 /* CategoryTableViewCell.xib */,
			);
			path = SalesCategoryCell;
			sourceTree = "<group>";
		};
		35E8418229672AFB0093D203 /* VillageLifeCell */ = {
			isa = PBXGroup;
			children = (
				35E8418329672B2C0093D203 /* VillageLifeTableViewCell.swift */,
				35E8418429672B2C0093D203 /* VillageLifeTableViewCell.xib */,
			);
			path = VillageLifeCell;
			sourceTree = "<group>";
		};
		35E8418729672B770093D203 /* VillageLifeCategoryCell */ = {
			isa = PBXGroup;
			children = (
				35E8418829672BB00093D203 /* VLCategoryTableViewCell.swift */,
				35E8418929672BB00093D203 /* VLCategoryTableViewCell.xib */,
			);
			path = VillageLifeCategoryCell;
			sourceTree = "<group>";
		};
		35E8418C29672C2C0093D203 /* UserInfoCell */ = {
			isa = PBXGroup;
			children = (
				35E8418E29672C790093D203 /* UserInfoTableViewCell.swift */,
				35E8418F29672C790093D203 /* UserInfoTableViewCell.xib */,
			);
			path = UserInfoCell;
			sourceTree = "<group>";
		};
		35E8418D29672C3E0093D203 /* UserSettingCell */ = {
			isa = PBXGroup;
			children = (
				35E8419229672C950093D203 /* UserSettingTableViewCell.swift */,
				35E8419329672C950093D203 /* UserSettingTableViewCell.xib */,
			);
			path = UserSettingCell;
			sourceTree = "<group>";
		};
		5E281604BD99CC0F163F66F7 /* Pods */ = {
			isa = PBXGroup;
			children = (
				4E32C093CD86033733D64B59 /* Pods-KarrotMarket.debug.xcconfig */,
				4CE3F3F93F67991CE2E39A30 /* Pods-KarrotMarket.release.xcconfig */,
			);
			name = Pods;
			path = Pods;
			sourceTree = "<group>";
		};
		7280B2B4B08FE752000D950E /* Frameworks */ = {
			isa = PBXGroup;
			children = (
				BAEEC015AEC5C072E2BAF11C /* Pods_KarrotMarket.framework */,
			);
			name = Frameworks;
			sourceTree = "<group>";
		};
/* End PBXGroup section */

/* Begin PBXNativeTarget section */
		35DF2C562964A08100CF74A2 /* KarrotMarket */ = {
			isa = PBXNativeTarget;
			buildConfigurationList = 35DF2C812964A08200CF74A2 /* Build configuration list for PBXNativeTarget "KarrotMarket" */;
			buildPhases = (
				6411E40DE70BDB542E04AA54 /* [CP] Check Pods Manifest.lock */,
				35DF2C532964A08100CF74A2 /* Sources */,
				35DF2C542964A08100CF74A2 /* Frameworks */,
				35DF2C552964A08100CF74A2 /* Resources */,
				8A7AE77FC8D90818F372BA02 /* [CP] Embed Pods Frameworks */,
			);
			buildRules = (
			);
			dependencies = (
			);
			name = KarrotMarket;
			productName = KarrotMarket;
			productReference = 35DF2C572964A08100CF74A2 /* KarrotMarket.app */;
			productType = "com.apple.product-type.application";
		};
		35DF2C6C2964A08200CF74A2 /* KarrotMarketTests */ = {
			isa = PBXNativeTarget;
			buildConfigurationList = 35DF2C842964A08200CF74A2 /* Build configuration list for PBXNativeTarget "KarrotMarketTests" */;
			buildPhases = (
				35DF2C692964A08200CF74A2 /* Sources */,
				35DF2C6A2964A08200CF74A2 /* Frameworks */,
				35DF2C6B2964A08200CF74A2 /* Resources */,
			);
			buildRules = (
			);
			dependencies = (
				35DF2C6F2964A08200CF74A2 /* PBXTargetDependency */,
			);
			name = KarrotMarketTests;
			productName = KarrotMarketTests;
			productReference = 35DF2C6D2964A08200CF74A2 /* KarrotMarketTests.xctest */;
			productType = "com.apple.product-type.bundle.unit-test";
		};
		35DF2C762964A08200CF74A2 /* KarrotMarketUITests */ = {
			isa = PBXNativeTarget;
			buildConfigurationList = 35DF2C872964A08200CF74A2 /* Build configuration list for PBXNativeTarget "KarrotMarketUITests" */;
			buildPhases = (
				35DF2C732964A08200CF74A2 /* Sources */,
				35DF2C742964A08200CF74A2 /* Frameworks */,
				35DF2C752964A08200CF74A2 /* Resources */,
			);
			buildRules = (
			);
			dependencies = (
				35DF2C792964A08200CF74A2 /* PBXTargetDependency */,
			);
			name = KarrotMarketUITests;
			productName = KarrotMarketUITests;
			productReference = 35DF2C772964A08200CF74A2 /* KarrotMarketUITests.xctest */;
			productType = "com.apple.product-type.bundle.ui-testing";
		};
/* End PBXNativeTarget section */

/* Begin PBXProject section */
		35DF2C4F2964A08100CF74A2 /* Project object */ = {
			isa = PBXProject;
			attributes = {
				BuildIndependentTargetsInParallel = 1;
				LastSwiftUpdateCheck = 1410;
				LastUpgradeCheck = 1410;
				TargetAttributes = {
					35DF2C562964A08100CF74A2 = {
						CreatedOnToolsVersion = 14.1;
					};
					35DF2C6C2964A08200CF74A2 = {
						CreatedOnToolsVersion = 14.1;
						TestTargetID = 35DF2C562964A08100CF74A2;
					};
					35DF2C762964A08200CF74A2 = {
						CreatedOnToolsVersion = 14.1;
						TestTargetID = 35DF2C562964A08100CF74A2;
					};
				};
			};
			buildConfigurationList = 35DF2C522964A08100CF74A2 /* Build configuration list for PBXProject "KarrotMarket" */;
			compatibilityVersion = "Xcode 12.0";
			developmentRegion = en;
			hasScannedForEncodings = 0;
			knownRegions = (
				en,
				Base,
			);
			mainGroup = 35DF2C4E2964A08100CF74A2;
			productRefGroup = 35DF2C582964A08100CF74A2 /* Products */;
			projectDirPath = "";
			projectRoot = "";
			targets = (
				35DF2C562964A08100CF74A2 /* KarrotMarket */,
				35DF2C6C2964A08200CF74A2 /* KarrotMarketTests */,
				35DF2C762964A08200CF74A2 /* KarrotMarketUITests */,
			);
		};
/* End PBXProject section */

/* Begin PBXResourcesBuildPhase section */
		35DF2C552964A08100CF74A2 /* Resources */ = {
			isa = PBXResourcesBuildPhase;
			buildActionMask = 2147483647;
			files = (
				35E8419129672C790093D203 /* UserInfoTableViewCell.xib in Resources */,
				35E8419929672D380093D203 /* ChattingTableViewCell.xib in Resources */,
				35E8417A2967299A0093D203 /* SalesPostTableViewCell.xib in Resources */,
				35E8418129672A6F0093D203 /* CategoryTableViewCell.xib in Resources */,
				35E8418B29672BB00093D203 /* VLCategoryTableViewCell.xib in Resources */,
				35E8418629672B2C0093D203 /* VillageLifeTableViewCell.xib in Resources */,
				35DF2C672964A08200CF74A2 /* LaunchScreen.storyboard in Resources */,
				35DF2C642964A08200CF74A2 /* Assets.xcassets in Resources */,
				35E8419529672C950093D203 /* UserSettingTableViewCell.xib in Resources */,
				35DF2C622964A08100CF74A2 /* Main.storyboard in Resources */,
			);
			runOnlyForDeploymentPostprocessing = 0;
		};
		35DF2C6B2964A08200CF74A2 /* Resources */ = {
			isa = PBXResourcesBuildPhase;
			buildActionMask = 2147483647;
			files = (
			);
			runOnlyForDeploymentPostprocessing = 0;
		};
		35DF2C752964A08200CF74A2 /* Resources */ = {
			isa = PBXResourcesBuildPhase;
			buildActionMask = 2147483647;
			files = (
			);
			runOnlyForDeploymentPostprocessing = 0;
		};
/* End PBXResourcesBuildPhase section */

/* Begin PBXShellScriptBuildPhase section */
		6411E40DE70BDB542E04AA54 /* [CP] Check Pods Manifest.lock */ = {
			isa = PBXShellScriptBuildPhase;
			buildActionMask = 2147483647;
			files = (
			);
			inputFileListPaths = (
			);
			inputPaths = (
				"${PODS_PODFILE_DIR_PATH}/Podfile.lock",
				"${PODS_ROOT}/Manifest.lock",
			);
			name = "[CP] Check Pods Manifest.lock";
			outputFileListPaths = (
			);
			outputPaths = (
				"$(DERIVED_FILE_DIR)/Pods-KarrotMarket-checkManifestLockResult.txt",
			);
			runOnlyForDeploymentPostprocessing = 0;
			shellPath = /bin/sh;
			shellScript = "diff \"${PODS_PODFILE_DIR_PATH}/Podfile.lock\" \"${PODS_ROOT}/Manifest.lock\" > /dev/null\nif [ $? != 0 ] ; then\n    # print error to STDERR\n    echo \"error: The sandbox is not in sync with the Podfile.lock. Run 'pod install' or update your CocoaPods installation.\" >&2\n    exit 1\nfi\n# This output is used by Xcode 'outputs' to avoid re-running this script phase.\necho \"SUCCESS\" > \"${SCRIPT_OUTPUT_FILE_0}\"\n";
			showEnvVarsInLog = 0;
		};
		8A7AE77FC8D90818F372BA02 /* [CP] Embed Pods Frameworks */ = {
			isa = PBXShellScriptBuildPhase;
			buildActionMask = 2147483647;
			files = (
			);
			inputFileListPaths = (
				"${PODS_ROOT}/Target Support Files/Pods-KarrotMarket/Pods-KarrotMarket-frameworks-${CONFIGURATION}-input-files.xcfilelist",
			);
			name = "[CP] Embed Pods Frameworks";
			outputFileListPaths = (
				"${PODS_ROOT}/Target Support Files/Pods-KarrotMarket/Pods-KarrotMarket-frameworks-${CONFIGURATION}-output-files.xcfilelist",
			);
			runOnlyForDeploymentPostprocessing = 0;
			shellPath = /bin/sh;
			shellScript = "\"${PODS_ROOT}/Target Support Files/Pods-KarrotMarket/Pods-KarrotMarket-frameworks.sh\"\n";
			showEnvVarsInLog = 0;
		};
/* End PBXShellScriptBuildPhase section */

/* Begin PBXSourcesBuildPhase section */
		35DF2C532964A08100CF74A2 /* Sources */ = {
			isa = PBXSourcesBuildPhase;
			buildActionMask = 2147483647;
			files = (
				35E8419D29672DD90093D203 /* MainTableViewCell.swift in Sources */,
				35E8419B29672DB90093D203 /* MainViewController.swift in Sources */,
				35E8418529672B2C0093D203 /* VillageLifeTableViewCell.swift in Sources */,
				35D0E5072966B4C600CD6B50 /* ChattingViewController.swift in Sources */,
				35D0E52E2967279500CD6B50 /* SalesPostCollectionViewCell.swift in Sources */,
				35E841792967299A0093D203 /* SalesPostTableViewCell.swift in Sources */,
				35D0E50D2966B4FA00CD6B50 /* WritingSalesPostViewController.swift in Sources */,
				35D0E5092966B4DD00CD6B50 /* CategoryViewController.swift in Sources */,
				35E8418029672A6F0093D203 /* CategoryTableViewCell.swift in Sources */,
				35DF2C5F2964A08100CF74A2 /* ViewController.swift in Sources */,
				35D0E50B2966B4F300CD6B50 /* SalesPostViewController.swift in Sources */,
				35DF2C5B2964A08100CF74A2 /* AppDelegate.swift in Sources */,
				35DF2C5D2964A08100CF74A2 /* SceneDelegate.swift in Sources */,
				35E8419829672D380093D203 /* ChattingTableViewCell.swift in Sources */,
				35D0E5162966B56000CD6B50 /* DataType.swift in Sources */,
				35E8419029672C790093D203 /* UserInfoTableViewCell.swift in Sources */,
				35D0E5112966B51000CD6B50 /* NearMeViewController.swift in Sources */,
				35D0E50F2966B50800CD6B50 /* VillageLifeViewController.swift in Sources */,
				35D0E5142966B55500CD6B50 /* TableViewModel.swift in Sources */,
				35D0E5052966B49B00CD6B50 /* MyKarrotViewController.swift in Sources */,
				35E8418A29672BB00093D203 /* VLCategoryTableViewCell.swift in Sources */,
				35E8419429672C950093D203 /* UserSettingTableViewCell.swift in Sources */,
			);
			runOnlyForDeploymentPostprocessing = 0;
		};
		35DF2C692964A08200CF74A2 /* Sources */ = {
			isa = PBXSourcesBuildPhase;
			buildActionMask = 2147483647;
			files = (
				35DF2C722964A08200CF74A2 /* KarrotMarketTests.swift in Sources */,
			);
			runOnlyForDeploymentPostprocessing = 0;
		};
		35DF2C732964A08200CF74A2 /* Sources */ = {
			isa = PBXSourcesBuildPhase;
			buildActionMask = 2147483647;
			files = (
				35DF2C7C2964A08200CF74A2 /* KarrotMarketUITests.swift in Sources */,
				35DF2C7E2964A08200CF74A2 /* KarrotMarketUITestsLaunchTests.swift in Sources */,
			);
			runOnlyForDeploymentPostprocessing = 0;
		};
/* End PBXSourcesBuildPhase section */

/* Begin PBXTargetDependency section */
		35DF2C6F2964A08200CF74A2 /* PBXTargetDependency */ = {
			isa = PBXTargetDependency;
			target = 35DF2C562964A08100CF74A2 /* KarrotMarket */;
			targetProxy = 35DF2C6E2964A08200CF74A2 /* PBXContainerItemProxy */;
		};
		35DF2C792964A08200CF74A2 /* PBXTargetDependency */ = {
			isa = PBXTargetDependency;
			target = 35DF2C562964A08100CF74A2 /* KarrotMarket */;
			targetProxy = 35DF2C782964A08200CF74A2 /* PBXContainerItemProxy */;
		};
/* End PBXTargetDependency section */

/* Begin PBXVariantGroup section */
		35DF2C602964A08100CF74A2 /* Main.storyboard */ = {
			isa = PBXVariantGroup;
			children = (
				35DF2C612964A08100CF74A2 /* Base */,
			);
			name = Main.storyboard;
			sourceTree = "<group>";
		};
		35DF2C652964A08200CF74A2 /* LaunchScreen.storyboard */ = {
			isa = PBXVariantGroup;
			children = (
				35DF2C662964A08200CF74A2 /* Base */,
			);
			name = LaunchScreen.storyboard;
			sourceTree = "<group>";
		};
/* End PBXVariantGroup section */

/* Begin XCBuildConfiguration section */
		35DF2C7F2964A08200CF74A2 /* Debug */ = {
			isa = XCBuildConfiguration;
			buildSettings = {
				ALWAYS_SEARCH_USER_PATHS = NO;
				CLANG_ANALYZER_NONNULL = YES;
				CLANG_ANALYZER_NUMBER_OBJECT_CONVERSION = YES_AGGRESSIVE;
				CLANG_CXX_LANGUAGE_STANDARD = "gnu++20";
				CLANG_ENABLE_MODULES = YES;
				CLANG_ENABLE_OBJC_ARC = YES;
				CLANG_ENABLE_OBJC_WEAK = YES;
				CLANG_WARN_BLOCK_CAPTURE_AUTORELEASING = YES;
				CLANG_WARN_BOOL_CONVERSION = YES;
				CLANG_WARN_COMMA = YES;
				CLANG_WARN_CONSTANT_CONVERSION = YES;
				CLANG_WARN_DEPRECATED_OBJC_IMPLEMENTATIONS = YES;
				CLANG_WARN_DIRECT_OBJC_ISA_USAGE = YES_ERROR;
				CLANG_WARN_DOCUMENTATION_COMMENTS = YES;
				CLANG_WARN_EMPTY_BODY = YES;
				CLANG_WARN_ENUM_CONVERSION = YES;
				CLANG_WARN_INFINITE_RECURSION = YES;
				CLANG_WARN_INT_CONVERSION = YES;
				CLANG_WARN_NON_LITERAL_NULL_CONVERSION = YES;
				CLANG_WARN_OBJC_IMPLICIT_RETAIN_SELF = YES;
				CLANG_WARN_OBJC_LITERAL_CONVERSION = YES;
				CLANG_WARN_OBJC_ROOT_CLASS = YES_ERROR;
				CLANG_WARN_QUOTED_INCLUDE_IN_FRAMEWORK_HEADER = YES;
				CLANG_WARN_RANGE_LOOP_ANALYSIS = YES;
				CLANG_WARN_STRICT_PROTOTYPES = YES;
				CLANG_WARN_SUSPICIOUS_MOVE = YES;
				CLANG_WARN_UNGUARDED_AVAILABILITY = YES_AGGRESSIVE;
				CLANG_WARN_UNREACHABLE_CODE = YES;
				CLANG_WARN__DUPLICATE_METHOD_MATCH = YES;
				COPY_PHASE_STRIP = NO;
				DEBUG_INFORMATION_FORMAT = dwarf;
				ENABLE_STRICT_OBJC_MSGSEND = YES;
				ENABLE_TESTABILITY = YES;
				GCC_C_LANGUAGE_STANDARD = gnu11;
				GCC_DYNAMIC_NO_PIC = NO;
				GCC_NO_COMMON_BLOCKS = YES;
				GCC_OPTIMIZATION_LEVEL = 0;
				GCC_PREPROCESSOR_DEFINITIONS = (
					"DEBUG=1",
					"$(inherited)",
				);
				GCC_WARN_64_TO_32_BIT_CONVERSION = YES;
				GCC_WARN_ABOUT_RETURN_TYPE = YES_ERROR;
				GCC_WARN_UNDECLARED_SELECTOR = YES;
				GCC_WARN_UNINITIALIZED_AUTOS = YES_AGGRESSIVE;
				GCC_WARN_UNUSED_FUNCTION = YES;
				GCC_WARN_UNUSED_VARIABLE = YES;
				IPHONEOS_DEPLOYMENT_TARGET = 13.0;
				MTL_ENABLE_DEBUG_INFO = INCLUDE_SOURCE;
				MTL_FAST_MATH = YES;
				ONLY_ACTIVE_ARCH = YES;
				SDKROOT = iphoneos;
				SWIFT_ACTIVE_COMPILATION_CONDITIONS = DEBUG;
				SWIFT_OPTIMIZATION_LEVEL = "-Onone";
			};
			name = Debug;
		};
		35DF2C802964A08200CF74A2 /* Release */ = {
			isa = XCBuildConfiguration;
			buildSettings = {
				ALWAYS_SEARCH_USER_PATHS = NO;
				CLANG_ANALYZER_NONNULL = YES;
				CLANG_ANALYZER_NUMBER_OBJECT_CONVERSION = YES_AGGRESSIVE;
				CLANG_CXX_LANGUAGE_STANDARD = "gnu++20";
				CLANG_ENABLE_MODULES = YES;
				CLANG_ENABLE_OBJC_ARC = YES;
				CLANG_ENABLE_OBJC_WEAK = YES;
				CLANG_WARN_BLOCK_CAPTURE_AUTORELEASING = YES;
				CLANG_WARN_BOOL_CONVERSION = YES;
				CLANG_WARN_COMMA = YES;
				CLANG_WARN_CONSTANT_CONVERSION = YES;
				CLANG_WARN_DEPRECATED_OBJC_IMPLEMENTATIONS = YES;
				CLANG_WARN_DIRECT_OBJC_ISA_USAGE = YES_ERROR;
				CLANG_WARN_DOCUMENTATION_COMMENTS = YES;
				CLANG_WARN_EMPTY_BODY = YES;
				CLANG_WARN_ENUM_CONVERSION = YES;
				CLANG_WARN_INFINITE_RECURSION = YES;
				CLANG_WARN_INT_CONVERSION = YES;
				CLANG_WARN_NON_LITERAL_NULL_CONVERSION = YES;
				CLANG_WARN_OBJC_IMPLICIT_RETAIN_SELF = YES;
				CLANG_WARN_OBJC_LITERAL_CONVERSION = YES;
				CLANG_WARN_OBJC_ROOT_CLASS = YES_ERROR;
				CLANG_WARN_QUOTED_INCLUDE_IN_FRAMEWORK_HEADER = YES;
				CLANG_WARN_RANGE_LOOP_ANALYSIS = YES;
				CLANG_WARN_STRICT_PROTOTYPES = YES;
				CLANG_WARN_SUSPICIOUS_MOVE = YES;
				CLANG_WARN_UNGUARDED_AVAILABILITY = YES_AGGRESSIVE;
				CLANG_WARN_UNREACHABLE_CODE = YES;
				CLANG_WARN__DUPLICATE_METHOD_MATCH = YES;
				COPY_PHASE_STRIP = NO;
				DEBUG_INFORMATION_FORMAT = "dwarf-with-dsym";
				ENABLE_NS_ASSERTIONS = NO;
				ENABLE_STRICT_OBJC_MSGSEND = YES;
				GCC_C_LANGUAGE_STANDARD = gnu11;
				GCC_NO_COMMON_BLOCKS = YES;
				GCC_WARN_64_TO_32_BIT_CONVERSION = YES;
				GCC_WARN_ABOUT_RETURN_TYPE = YES_ERROR;
				GCC_WARN_UNDECLARED_SELECTOR = YES;
				GCC_WARN_UNINITIALIZED_AUTOS = YES_AGGRESSIVE;
				GCC_WARN_UNUSED_FUNCTION = YES;
				GCC_WARN_UNUSED_VARIABLE = YES;
				IPHONEOS_DEPLOYMENT_TARGET = 13.0;
				MTL_ENABLE_DEBUG_INFO = NO;
				MTL_FAST_MATH = YES;
				SDKROOT = iphoneos;
				SWIFT_COMPILATION_MODE = wholemodule;
				SWIFT_OPTIMIZATION_LEVEL = "-O";
				VALIDATE_PRODUCT = YES;
			};
			name = Release;
		};
		35DF2C822964A08200CF74A2 /* Debug */ = {
			isa = XCBuildConfiguration;
			baseConfigurationReference = 4E32C093CD86033733D64B59 /* Pods-KarrotMarket.debug.xcconfig */;
			buildSettings = {
				ASSETCATALOG_COMPILER_APPICON_NAME = AppIcon;
				ASSETCATALOG_COMPILER_GLOBAL_ACCENT_COLOR_NAME = AccentColor;
				CODE_SIGN_STYLE = Automatic;
				CURRENT_PROJECT_VERSION = 1;
				GENERATE_INFOPLIST_FILE = YES;
				INFOPLIST_FILE = KarrotMarket/Info.plist;
				INFOPLIST_KEY_UIApplicationSupportsIndirectInputEvents = YES;
				INFOPLIST_KEY_UILaunchStoryboardName = LaunchScreen.storyboard;
				INFOPLIST_KEY_UIMainStoryboardFile = Main;
				INFOPLIST_KEY_UISupportedInterfaceOrientations_iPad = "UIInterfaceOrientationPortrait UIInterfaceOrientationPortraitUpsideDown UIInterfaceOrientationLandscapeLeft UIInterfaceOrientationLandscapeRight";
				INFOPLIST_KEY_UISupportedInterfaceOrientations_iPhone = "UIInterfaceOrientationPortrait UIInterfaceOrientationLandscapeLeft UIInterfaceOrientationLandscapeRight";
				IPHONEOS_DEPLOYMENT_TARGET = 13.0;
				LD_RUNPATH_SEARCH_PATHS = (
					"$(inherited)",
					"@executable_path/Frameworks",
				);
				MARKETING_VERSION = 1.0;
				PRODUCT_BUNDLE_IDENTIFIER = yejin.KarrotMarket;
				PRODUCT_NAME = "$(TARGET_NAME)";
				SWIFT_EMIT_LOC_STRINGS = YES;
				SWIFT_VERSION = 5.0;
				TARGETED_DEVICE_FAMILY = "1,2";
			};
			name = Debug;
		};
		35DF2C832964A08200CF74A2 /* Release */ = {
			isa = XCBuildConfiguration;
			baseConfigurationReference = 4CE3F3F93F67991CE2E39A30 /* Pods-KarrotMarket.release.xcconfig */;
			buildSettings = {
				ASSETCATALOG_COMPILER_APPICON_NAME = AppIcon;
				ASSETCATALOG_COMPILER_GLOBAL_ACCENT_COLOR_NAME = AccentColor;
				CODE_SIGN_STYLE = Automatic;
				CURRENT_PROJECT_VERSION = 1;
				GENERATE_INFOPLIST_FILE = YES;
				INFOPLIST_FILE = KarrotMarket/Info.plist;
				INFOPLIST_KEY_UIApplicationSupportsIndirectInputEvents = YES;
				INFOPLIST_KEY_UILaunchStoryboardName = LaunchScreen.storyboard;
				INFOPLIST_KEY_UIMainStoryboardFile = Main;
				INFOPLIST_KEY_UISupportedInterfaceOrientations_iPad = "UIInterfaceOrientationPortrait UIInterfaceOrientationPortraitUpsideDown UIInterfaceOrientationLandscapeLeft UIInterfaceOrientationLandscapeRight";
				INFOPLIST_KEY_UISupportedInterfaceOrientations_iPhone = "UIInterfaceOrientationPortrait UIInterfaceOrientationLandscapeLeft UIInterfaceOrientationLandscapeRight";
				IPHONEOS_DEPLOYMENT_TARGET = 13.0;
				LD_RUNPATH_SEARCH_PATHS = (
					"$(inherited)",
					"@executable_path/Frameworks",
				);
				MARKETING_VERSION = 1.0;
				PRODUCT_BUNDLE_IDENTIFIER = yejin.KarrotMarket;
				PRODUCT_NAME = "$(TARGET_NAME)";
				SWIFT_EMIT_LOC_STRINGS = YES;
				SWIFT_VERSION = 5.0;
				TARGETED_DEVICE_FAMILY = "1,2";
			};
			name = Release;
		};
		35DF2C852964A08200CF74A2 /* Debug */ = {
			isa = XCBuildConfiguration;
			buildSettings = {
				ALWAYS_EMBED_SWIFT_STANDARD_LIBRARIES = YES;
				BUNDLE_LOADER = "$(TEST_HOST)";
				CODE_SIGN_STYLE = Automatic;
				CURRENT_PROJECT_VERSION = 1;
				GENERATE_INFOPLIST_FILE = YES;
				IPHONEOS_DEPLOYMENT_TARGET = 13.0;
				MARKETING_VERSION = 1.0;
				PRODUCT_BUNDLE_IDENTIFIER = yejin.KarrotMarketTests;
				PRODUCT_NAME = "$(TARGET_NAME)";
				SWIFT_EMIT_LOC_STRINGS = NO;
				SWIFT_VERSION = 5.0;
				TARGETED_DEVICE_FAMILY = "1,2";
				TEST_HOST = "$(BUILT_PRODUCTS_DIR)/KarrotMarket.app/$(BUNDLE_EXECUTABLE_FOLDER_PATH)/KarrotMarket";
			};
			name = Debug;
		};
		35DF2C862964A08200CF74A2 /* Release */ = {
			isa = XCBuildConfiguration;
			buildSettings = {
				ALWAYS_EMBED_SWIFT_STANDARD_LIBRARIES = YES;
				BUNDLE_LOADER = "$(TEST_HOST)";
				CODE_SIGN_STYLE = Automatic;
				CURRENT_PROJECT_VERSION = 1;
				GENERATE_INFOPLIST_FILE = YES;
				IPHONEOS_DEPLOYMENT_TARGET = 13.0;
				MARKETING_VERSION = 1.0;
				PRODUCT_BUNDLE_IDENTIFIER = yejin.KarrotMarketTests;
				PRODUCT_NAME = "$(TARGET_NAME)";
				SWIFT_EMIT_LOC_STRINGS = NO;
				SWIFT_VERSION = 5.0;
				TARGETED_DEVICE_FAMILY = "1,2";
				TEST_HOST = "$(BUILT_PRODUCTS_DIR)/KarrotMarket.app/$(BUNDLE_EXECUTABLE_FOLDER_PATH)/KarrotMarket";
			};
			name = Release;
		};
		35DF2C882964A08200CF74A2 /* Debug */ = {
			isa = XCBuildConfiguration;
			buildSettings = {
				ALWAYS_EMBED_SWIFT_STANDARD_LIBRARIES = YES;
				CODE_SIGN_STYLE = Automatic;
				CURRENT_PROJECT_VERSION = 1;
				GENERATE_INFOPLIST_FILE = YES;
				MARKETING_VERSION = 1.0;
				PRODUCT_BUNDLE_IDENTIFIER = yejin.KarrotMarketUITests;
				PRODUCT_NAME = "$(TARGET_NAME)";
				SWIFT_EMIT_LOC_STRINGS = NO;
				SWIFT_VERSION = 5.0;
				TARGETED_DEVICE_FAMILY = "1,2";
				TEST_TARGET_NAME = KarrotMarket;
			};
			name = Debug;
		};
		35DF2C892964A08200CF74A2 /* Release */ = {
			isa = XCBuildConfiguration;
			buildSettings = {
				ALWAYS_EMBED_SWIFT_STANDARD_LIBRARIES = YES;
				CODE_SIGN_STYLE = Automatic;
				CURRENT_PROJECT_VERSION = 1;
				GENERATE_INFOPLIST_FILE = YES;
				MARKETING_VERSION = 1.0;
				PRODUCT_BUNDLE_IDENTIFIER = yejin.KarrotMarketUITests;
				PRODUCT_NAME = "$(TARGET_NAME)";
				SWIFT_EMIT_LOC_STRINGS = NO;
				SWIFT_VERSION = 5.0;
				TARGETED_DEVICE_FAMILY = "1,2";
				TEST_TARGET_NAME = KarrotMarket;
			};
			name = Release;
		};
/* End XCBuildConfiguration section */

/* Begin XCConfigurationList section */
		35DF2C522964A08100CF74A2 /* Build configuration list for PBXProject "KarrotMarket" */ = {
			isa = XCConfigurationList;
			buildConfigurations = (
				35DF2C7F2964A08200CF74A2 /* Debug */,
				35DF2C802964A08200CF74A2 /* Release */,
			);
			defaultConfigurationIsVisible = 0;
			defaultConfigurationName = Release;
		};
		35DF2C812964A08200CF74A2 /* Build configuration list for PBXNativeTarget "KarrotMarket" */ = {
			isa = XCConfigurationList;
			buildConfigurations = (
				35DF2C822964A08200CF74A2 /* Debug */,
				35DF2C832964A08200CF74A2 /* Release */,
			);
			defaultConfigurationIsVisible = 0;
			defaultConfigurationName = Release;
		};
		35DF2C842964A08200CF74A2 /* Build configuration list for PBXNativeTarget "KarrotMarketTests" */ = {
			isa = XCConfigurationList;
			buildConfigurations = (
				35DF2C852964A08200CF74A2 /* Debug */,
				35DF2C862964A08200CF74A2 /* Release */,
			);
			defaultConfigurationIsVisible = 0;
			defaultConfigurationName = Release;
		};
		35DF2C872964A08200CF74A2 /* Build configuration list for PBXNativeTarget "KarrotMarketUITests" */ = {
			isa = XCConfigurationList;
			buildConfigurations = (
				35DF2C882964A08200CF74A2 /* Debug */,
				35DF2C892964A08200CF74A2 /* Release */,
			);
			defaultConfigurationIsVisible = 0;
			defaultConfigurationName = Release;
		};
/* End XCConfigurationList section */
	};
	rootObject = 35DF2C4F2964A08100CF74A2 /* Project object */;
}
